schema: '2.0'
stages:
  prepare_data:
    cmd: python3 src-train/prepare_data.py
    deps:
    - path: data/raw
      hash: md5
      md5: d99b62242b4d9aaad7f0d2c5ec2e5c04.dir
      size: 4265168
      nfiles: 1558
    - path: prompts/prompt-template.md
      hash: md5
      md5: 13c652e6b7c3cd9bcf7ff78ba4b67206
      size: 207
    - path: prompts/system-prompt.md
      hash: md5
      md5: 702bb6cd55b5f8b86fcedfb816e67e7c
      size: 3626
    - path: src-train/prepare_data.py
      hash: md5
      md5: d8ea83812e8e45b38a9af45ca1f54e08
      size: 2276
      isexec: true
    outs:
    - path: data/dataset_eval.jsonl
      hash: md5
      md5: ff278b5c4bad99a7fdf57769f93972ea
      size: 950131
    - path: data/dataset_train.jsonl
      hash: md5
      md5: 306e5318a25dbacf9a09a7502925937a
      size: 6418952
